
Microsoft Visual Studio Solution File, Format Version 12.00
# Visual Studio Version 16
VisualStudioVersion = 16.0.28729.10
MinimumVisualStudioVersion = 10.0.40219.1
Project("{FAE04EC0-301F-11D3-BF4B-00C04F79EFBC}") = "ReflectionLesson", "ReflectionLesson\ReflectionLesson.csproj", "{FE2185EF-BAE7-4D36-96A5-0A24BA4AB3FD}"
EndProject
Global
	GlobalSection(SolutionConfigurationPlatforms) = preSolution
		Debug|Any CPU = Debug|Any CPU
		Release|Any CPU = Release|Any CPU
	EndGlobalSection
	GlobalSection(ProjectConfigurationPlatforms) = postSolution
		{FE2185EF-BAE7-4D36-96A5-0A24BA4AB3FD}.Debug|Any CPU.ActiveCfg = Debug|Any CPU
		{FE2185EF-BAE7-4D36-96A5-0A24BA4AB3FD}.Debug|Any CPU.Build.0 = Debug|Any CPU
		{FE2185EF-BAE7-4D36-96A5-0A24BA4AB3FD}.Release|Any CPU.ActiveCfg = Release|Any CPU
		{FE2185EF-BAE7-4D36-96A5-0A24BA4AB3FD}.Release|Any CPU.Build.0 = Release|Any CPU
	EndGlobalSection
	GlobalSection(SolutionProperties) = preSolution
		HideSolutionNode = FALSE
	EndGlobalSection
	GlobalSection(ExtensibilityGlobals) = postSolution
		SolutionGuid = {B03B9BE1-175A-46C5-9532-BA164B9DA9FA}
	EndGlobalSection
EndGlobal
